
Microsoft Visual Studio Solution File, Format Version 12.00
# Visual Studio 15
VisualStudioVersion = 15.0.27130.2027
MinimumVisualStudioVersion = 10.0.40219.1
Project("{FAE04EC0-301F-11D3-BF4B-00C04F79EFBC}") = "demoMVCCore", "demoMVCCore\demoMVCCore.csproj", "{A351BA86-5639-4794-914A-8A8540817711}"
EndProject
Global
	GlobalSection(SolutionConfigurationPlatforms) = preSolution
		Debug|Any CPU = Debug|Any CPU
		Release|Any CPU = Release|Any CPU
	EndGlobalSection
	GlobalSection(ProjectConfigurationPlatforms) = postSolution
		{A351BA86-5639-4794-914A-8A8540817711}.Debug|Any CPU.ActiveCfg = Debug|Any CPU
		{A351BA86-5639-4794-914A-8A8540817711}.Debug|Any CPU.Build.0 = Debug|Any CPU
		{A351BA86-5639-4794-914A-8A8540817711}.Release|Any CPU.ActiveCfg = Release|Any CPU
		{A351BA86-5639-4794-914A-8A8540817711}.Release|Any CPU.Build.0 = Release|Any CPU
	EndGlobalSection
	GlobalSection(SolutionProperties) = preSolution
		HideSolutionNode = FALSE
	EndGlobalSection
	GlobalSection(ExtensibilityGlobals) = postSolution
		SolutionGuid = {44E3D063-FA79-4493-BE81-831BAD3C079A}
	EndGlobalSection
EndGlobal
